// !$*UTF8*$!
{
	archiveVersion = 1;
	classes = {
	};
	objectVersion = 46;
	objects = {

/* Begin PBXBuildFile section */
		8B56F4E61F09D95000CEB6F2 /* AppDelegate.swift in Sources */ = {isa = PBXBuildFile; fileRef = 8B56F4E51F09D95000CEB6F2 /* AppDelegate.swift */; };
		8B56F4E81F09D95000CEB6F2 /* ViewController.swift in Sources */ = {isa = PBXBuildFile; fileRef = 8B56F4E71F09D95000CEB6F2 /* ViewController.swift */; };
		8B56F4EB1F09D95000CEB6F2 /* Main.storyboard in Resources */ = {isa = PBXBuildFile; fileRef = 8B56F4E91F09D95000CEB6F2 /* Main.storyboard */; };
		8B56F4EE1F09D95000CEB6F2 /* SwiftPHPMySql.xcdatamodeld in Sources */ = {isa = PBXBuildFile; fileRef = 8B56F4EC1F09D95000CEB6F2 /* SwiftPHPMySql.xcdatamodeld */; };
		8B56F4F01F09D95000CEB6F2 /* Assets.xcassets in Resources */ = {isa = PBXBuildFile; fileRef = 8B56F4EF1F09D95000CEB6F2 /* Assets.xcassets */; };
		8B56F4F31F09D95000CEB6F2 /* LaunchScreen.storyboard in Resources */ = {isa = PBXBuildFile; fileRef = 8B56F4F11F09D95000CEB6F2 /* LaunchScreen.storyboard */; };
/* End PBXBuildFile section */

/* Begin PBXFileReference section */
		8B56F4E21F09D95000CEB6F2 /* SwiftPHPMySql.app */ = {isa = PBXFileReference; explicitFileType = wrapper.application; includeInIndex = 0; path = SwiftPHPMySql.app; sourceTree = BUILT_PRODUCTS_DIR; };
		8B56F4E51F09D95000CEB6F2 /* AppDelegate.swift */ = {isa = PBXFileReference; lastKnownFileType = sourcecode.swift; path = AppDelegate.swift; sourceTree = "<group>"; };
		8B56F4E71F09D95000CEB6F2 /* ViewController.swift */ = {isa = PBXFileReference; lastKnownFileType = sourcecode.swift; path = ViewController.swift; sourceTree = "<group>"; };
		8B56F4EA1F09D95000CEB6F2 /* Base */ = {isa = PBXFileReference; lastKnownFileType = file.storyboard; name = Base; path = Base.lproj/Main.storyboard; sourceTree = "<group>"; };
		8B56F4ED1F09D95000CEB6F2 /* SwiftPHPMySql.xcdatamodel */ = {isa = PBXFileReference; lastKnownFileType = wrapper.xcdatamodel; path = SwiftPHPMySql.xcdatamodel; sourceTree = "<group>"; };
		8B56F4EF1F09D95000CEB6F2 /* Assets.xcassets */ = {isa = PBXFileReference; lastKnownFileType = folder.assetcatalog; path = Assets.xcassets; sourceTree = "<group>"; };
		8B56F4F21F09D95000CEB6F2 /* Base */ = {isa = PBXFileReference; lastKnownFileType = file.storyboard; name = Base; path = Base.lproj/LaunchScreen.storyboard; sourceTree = "<group>"; };
		8B56F4F41F09D95000CEB6F2 /* Info.plist */ = {isa = PBXFileReference; lastKnownFileType = text.plist.xml; path = Info.plist; sourceTree = "<group>"; };
/* End PBXFileReference section */

/* Begin PBXFrameworksBuildPhase section */
		8B56F4DF1F09D95000CEB6F2 /* Frameworks */ = {
			isa = PBXFrameworksBuildPhase;
			buildActionMask = 2147483647;
			files = (
			);
			runOnlyForDeploymentPostprocessing = 0;
		};
/* End PBXFrameworksBuildPhase section */

/* Begin PBXGroup section */
		8B56F4D91F09D94F00CEB6F2 = {
			isa = PBXGroup;
			children = (
				8B56F4E41F09D95000CEB6F2 /* SwiftPHPMySql */,
				8B56F4E31F09D95000CEB6F2 /* Products */,
			);
			sourceTree = "<group>";
		};
		8B56F4E31F09D95000CEB6F2 /* Products */ = {
			isa = PBXGroup;
			children = (
				8B56F4E21F09D95000CEB6F2 /* SwiftPHPMySql.app */,
			);
			name = Products;
			sourceTree = "<group>";
		};
		8B56F4E41F09D95000CEB6F2 /* SwiftPHPMySql */ = {
			isa = PBXGroup;
			children = (
				8B56F4E51F09D95000CEB6F2 /* AppDelegate.swift */,
				8B56F4E71F09D95000CEB6F2 /* ViewController.swift */,
				8B56F4E91F09D95000CEB6F2 /* Main.storyboard */,
				8B56F4EF1F09D95000CEB6F2 /* Assets.xcassets */,
				8B56F4F11F09D95000CEB6F2 /* LaunchScreen.storyboard */,
				8B56F4F41F09D95000CEB6F2 /* Info.plist */,
				8B56F4EC1F09D95000CEB6F2 /* SwiftPHPMySql.xcdatamodeld */,
			);
			path = SwiftPHPMySql;
			sourceTree = "<group>";
		};
/* End PBXGroup section */

/* Begin PBXNativeTarget section */
		8B56F4E11F09D95000CEB6F2 /* SwiftPHPMySql */ = {
			isa = PBXNativeTarget;
			buildConfigurationList = 8B56F4F71F09D95000CEB6F2 /* Build configuration list for PBXNativeTarget "SwiftPHPMySql" */;
			buildPhases = (
				8B56F4DE1F09D95000CEB6F2 /* Sources */,
				8B56F4DF1F09D95000CEB6F2 /* Frameworks */,
				8B56F4E01F09D95000CEB6F2 /* Resources */,
			);
			buildRules = (
			);
			dependencies = (
			);
			name = SwiftPHPMySql;
			productName = SwiftPHPMySql;
			productReference = 8B56F4E21F09D95000CEB6F2 /* SwiftPHPMySql.app */;
			productType = "com.apple.product-type.application";
		};
/* End PBXNativeTarget section */

/* Begin PBXProject section */
		8B56F4DA1F09D94F00CEB6F2 /* Project object */ = {
			isa = PBXProject;
			attributes = {
				LastSwiftUpdateCheck = 0830;
				LastUpgradeCheck = 0830;
				ORGANIZATIONNAME = iamaureen;
				TargetAttributes = {
					8B56F4E11F09D95000CEB6F2 = {
						CreatedOnToolsVersion = 8.3.3;
						DevelopmentTeam = EFU74T5Z5H;
						ProvisioningStyle = Automatic;
					};
				};
			};
			buildConfigurationList = 8B56F4DD1F09D94F00CEB6F2 /* Build configuration list for PBXProject "SwiftPHPMySql" */;
			compatibilityVersion = "Xcode 3.2";
			developmentRegion = English;
			hasScannedForEncodings = 0;
			knownRegions = (
				en,
				Base,
			);
			mainGroup = 8B56F4D91F09D94F00CEB6F2;
			productRefGroup = 8B56F4E31F09D95000CEB6F2 /* Products */;
			projectDirPath = "";
			projectRoot = "";
			targets = (
				8B56F4E11F09D95000CEB6F2 /* SwiftPHPMySql */,
			);
		};
/* End PBXProject section */

/* Begin PBXResourcesBuildPhase section */
		8B56F4E01F09D95000CEB6F2 /* Resources */ = {
			isa = PBXResourcesBuildPhase;
			buildActionMask = 2147483647;
			files = (
				8B56F4F31F09D95000CEB6F2 /* LaunchScreen.storyboard in Resources */,
				8B56F4F01F09D95000CEB6F2 /* Assets.xcassets in Resources */,
				8B56F4EB1F09D95000CEB6F2 /* Main.storyboard in Resources */,
			);
			runOnlyForDeploymentPostprocessing = 0;
		};
/* End PBXResourcesBuildPhase section */

/* Begin PBXSourcesBuildPhase section */
		8B56F4DE1F09D95000CEB6F2 /* Sources */ = {
			isa = PBXSourcesBuildPhase;
			buildActionMask = 2147483647;
			files = (
				8B56F4E81F09D95000CEB6F2 /* ViewController.swift in Sources */,
				8B56F4EE1F09D95000CEB6F2 /* SwiftPHPMySql.xcdatamodeld in Sources */,
				8B56F4E61F09D95000CEB6F2 /* AppDelegate.swift in Sources */,
			);
			runOnlyForDeploymentPostprocessing = 0;
		};
/* End PBXSourcesBuildPhase section */

/* Begin PBXVariantGroup section */
		8B56F4E91F09D95000CEB6F2 /* Main.storyboard */ = {
			isa = PBXVariantGroup;
			children = (
				8B56F4EA1F09D95000CEB6F2 /* Base */,
			);
			name = Main.storyboard;
			sourceTree = "<group>";
		};
		8B56F4F11F09D95000CEB6F2 /* LaunchScreen.storyboard */ = {
			isa = PBXVariantGroup;
			children = (
				8B56F4F21F09D95000CEB6F2 /* Base */,
			);
			name = LaunchScreen.storyboard;
			sourceTree = "<group>";
		};
/* End PBXVariantGroup section */

/* Begin XCBuildConfiguration section */
		8B56F4F51F09D95000CEB6F2 /* Debug */ = {
			isa = XCBuildConfiguration;
			buildSettings = {
				ALWAYS_SEARCH_USER_PATHS = NO;
				CLANG_ANALYZER_NONNULL = YES;
				CLANG_ANALYZER_NUMBER_OBJECT_CONVERSION = YES_AGGRESSIVE;
				CLANG_CXX_LANGUAGE_STANDARD = "gnu++0x";
				CLANG_CXX_LIBRARY = "libc++";
				CLANG_ENABLE_MODULES = YES;
				CLANG_ENABLE_OBJC_ARC = YES;
				CLANG_WARN_BOOL_CONVERSION = YES;
				CLANG_WARN_CONSTANT_CONVERSION = YES;
				CLANG_WARN_DIRECT_OBJC_ISA_USAGE = YES_ERROR;
				CLANG_WARN_DOCUMENTATION_COMMENTS = YES;
				CLANG_WARN_EMPTY_BODY = YES;
				CLANG_WARN_ENUM_CONVERSION = YES;
				CLANG_WARN_INFINITE_RECURSION = YES;
				CLANG_WARN_INT_CONVERSION = YES;
				CLANG_WARN_OBJC_ROOT_CLASS = YES_ERROR;
				CLANG_WARN_SUSPICIOUS_MOVE = YES;
				CLANG_WARN_UNREACHABLE_CODE = YES;
				CLANG_WARN__DUPLICATE_METHOD_MATCH = YES;
				"CODE_SIGN_IDENTITY[sdk=iphoneos*]" = "iPhone Developer";
				COPY_PHASE_STRIP = NO;
				DEBUG_INFORMATION_FORMAT = dwarf;
				ENABLE_STRICT_OBJC_MSGSEND = YES;
				ENABLE_TESTABILITY = YES;
				GCC_C_LANGUAGE_STANDARD = gnu99;
				GCC_DYNAMIC_NO_PIC = NO;
				GCC_NO_COMMON_BLOCKS = YES;
				GCC_OPTIMIZATION_LEVEL = 0;
				GCC_PREPROCESSOR_DEFINITIONS = (
					"DEBUG=1",
					"$(inherited)",
				);
				GCC_WARN_64_TO_32_BIT_CONVERSION = YES;
				GCC_WARN_ABOUT_RETURN_TYPE = YES_ERROR;
				GCC_WARN_UNDECLARED_SELECTOR = YES;
				GCC_WARN_UNINITIALIZED_AUTOS = YES_AGGRESSIVE;
				GCC_WARN_UNUSED_FUNCTION = YES;
				GCC_WARN_UNUSED_VARIABLE = YES;
				IPHONEOS_DEPLOYMENT_TARGET = 10.3;
				MTL_ENABLE_DEBUG_INFO = YES;
				ONLY_ACTIVE_ARCH = YES;
				SDKROOT = iphoneos;
				SWIFT_ACTIVE_COMPILATION_CONDITIONS = DEBUG;
				SWIFT_OPTIMIZATION_LEVEL = "-Onone";
			};
			name = Debug;
		};
		8B56F4F61F09D95000CEB6F2 /* Release */ = {
			isa = XCBuildConfiguration;
			buildSettings = {
				ALWAYS_SEARCH_USER_PATHS = NO;
				CLANG_ANALYZER_NONNULL = YES;
				CLANG_ANALYZER_NUMBER_OBJECT_CONVERSION = YES_AGGRESSIVE;
				CLANG_CXX_LANGUAGE_STANDARD = "gnu++0x";
				CLANG_CXX_LIBRARY = "libc++";
				CLANG_ENABLE_MODULES = YES;
				CLANG_ENABLE_OBJC_ARC = YES;
				CLANG_WARN_BOOL_CONVERSION = YES;
				CLANG_WARN_CONSTANT_CONVERSION = YES;
				CLANG_WARN_DIRECT_OBJC_ISA_USAGE = YES_ERROR;
				CLANG_WARN_DOCUMENTATION_COMMENTS = YES;
				CLANG_WARN_EMPTY_BODY = YES;
				CLANG_WARN_ENUM_CONVERSION = YES;
				CLANG_WARN_INFINITE_RECURSION = YES;
				CLANG_WARN_INT_CONVERSION = YES;
				CLANG_WARN_OBJC_ROOT_CLASS = YES_ERROR;
				CLANG_WARN_SUSPICIOUS_MOVE = YES;
				CLANG_WARN_UNREACHABLE_CODE = YES;
				CLANG_WARN__DUPLICATE_METHOD_MATCH = YES;
				"CODE_SIGN_IDENTITY[sdk=iphoneos*]" = "iPhone Developer";
				COPY_PHASE_STRIP = NO;
				DEBUG_INFORMATION_FORMAT = "dwarf-with-dsym";
				ENABLE_NS_ASSERTIONS = NO;
				ENABLE_STRICT_OBJC_MSGSEND = YES;
				GCC_C_LANGUAGE_STANDARD = gnu99;
				GCC_NO_COMMON_BLOCKS = YES;
				GCC_WARN_64_TO_32_BIT_CONVERSION = YES;
				GCC_WARN_ABOUT_RETURN_TYPE = YES_ERROR;
				GCC_WARN_UNDECLARED_SELECTOR = YES;
				GCC_WARN_UNINITIALIZED_AUTOS = YES_AGGRESSIVE;
				GCC_WARN_UNUSED_FUNCTION = YES;
				GCC_WARN_UNUSED_VARIABLE = YES;
				IPHONEOS_DEPLOYMENT_TARGET = 10.3;
				MTL_ENABLE_DEBUG_INFO = NO;
				SDKROOT = iphoneos;
				SWIFT_OPTIMIZATION_LEVEL = "-Owholemodule";
				VALIDATE_PRODUCT = YES;
			};
			name = Release;
		};
		8B56F4F81F09D95000CEB6F2 /* Debug */ = {
			isa = XCBuildConfiguration;
			buildSettings = {
				ASSETCATALOG_COMPILER_APPICON_NAME = AppIcon;
				DEVELOPMENT_TEAM = EFU74T5Z5H;
				INFOPLIST_FILE = SwiftPHPMySql/Info.plist;
				LD_RUNPATH_SEARCH_PATHS = "$(inherited) @executable_path/Frameworks";
				PRODUCT_BUNDLE_IDENTIFIER = "-sigma.SwiftPHPMySql";
				PRODUCT_NAME = "$(TARGET_NAME)";
				SWIFT_VERSION = 3.0;
			};
			name = Debug;
		};
		8B56F4F91F09D95000CEB6F2 /* Release */ = {
			isa = XCBuildConfiguration;
			buildSettings = {
				ASSETCATALOG_COMPILER_APPICON_NAME = AppIcon;
				DEVELOPMENT_TEAM = EFU74T5Z5H;
				INFOPLIST_FILE = SwiftPHPMySql/Info.plist;
				LD_RUNPATH_SEARCH_PATHS = "$(inherited) @executable_path/Frameworks";
				PRODUCT_BUNDLE_IDENTIFIER = "-sigma.SwiftPHPMySql";
				PRODUCT_NAME = "$(TARGET_NAME)";
				SWIFT_VERSION = 3.0;
			};
			name = Release;
		};
/* End XCBuildConfiguration section */

/* Begin XCConfigurationList section */
		8B56F4DD1F09D94F00CEB6F2 /* Build configuration list for PBXProject "SwiftPHPMySql" */ = {
			isa = XCConfigurationList;
			buildConfigurations = (
				8B56F4F51F09D95000CEB6F2 /* Debug */,
				8B56F4F61F09D95000CEB6F2 /* Release */,
			);
			defaultConfigurationIsVisible = 0;
			defaultConfigurationName = Release;
		};
		8B56F4F71F09D95000CEB6F2 /* Build configuration list for PBXNativeTarget "SwiftPHPMySql" */ = {
			isa = XCConfigurationList;
			buildConfigurations = (
				8B56F4F81F09D95000CEB6F2 /* Debug */,
				8B56F4F91F09D95000CEB6F2 /* Release */,
			);
			defaultConfigurationIsVisible = 0;
		};
/* End XCConfigurationList section */

/* Begin XCVersionGroup section */
		8B56F4EC1F09D95000CEB6F2 /* SwiftPHPMySql.xcdatamodeld */ = {
			isa = XCVersionGroup;
			children = (
				8B56F4ED1F09D95000CEB6F2 /* SwiftPHPMySql.xcdatamodel */,
			);
			currentVersion = 8B56F4ED1F09D95000CEB6F2 /* SwiftPHPMySql.xcdatamodel */;
			path = SwiftPHPMySql.xcdatamodeld;
			sourceTree = "<group>";
			versionGroupType = wrapper.xcdatamodel;
		};
/* End XCVersionGroup section */
	};
	rootObject = 8B56F4DA1F09D94F00CEB6F2 /* Project object */;
}
